
Microsoft Visual Studio Solution File, Format Version 12.00
# Visual Studio Version 17
VisualStudioVersion = 17.7.34018.315
MinimumVisualStudioVersion = 10.0.40219.1
Project("{9A19103F-16F7-4668-BE54-9A1E7A4F7556}") = "Web_153501_Kiselev", "Web_153501_Kiselev\Web_153501_Kiselev.csproj", "{F9ECADA8-8E81-4FD0-8B79-5E49DAE40F5F}"
EndProject
Project("{9A19103F-16F7-4668-BE54-9A1E7A4F7556}") = "Web_153501_Kiselev.Domain", "Web_153501_Kiselev.Domain\Web_153501_Kiselev.Domain.csproj", "{3F3F2C53-490B-4A2E-A1DA-DE0E8C6264D7}"
EndProject
Project("{9A19103F-16F7-4668-BE54-9A1E7A4F7556}") = "Web_153501_Kiselev.API", "Web_153501_Kiselev.API\Web_153501_Kiselev.API.csproj", "{6C94D352-790B-439F-9F24-11A0BAD79C04}"
EndProject
Project("{FAE04EC0-301F-11D3-BF4B-00C04F79EFBC}") = "Web_153501_Kiselev.IdentityServer", "Web_153501_Kiselev.IdentityServer\Web_153501_Kiselev.IdentityServer.csproj", "{EE525508-72EC-4399-8C3F-83DADB2DD296}"
EndProject
Global
	GlobalSection(SolutionConfigurationPlatforms) = preSolution
		Debug|Any CPU = Debug|Any CPU
		Release|Any CPU = Release|Any CPU
	EndGlobalSection
	GlobalSection(ProjectConfigurationPlatforms) = postSolution
		{F9ECADA8-8E81-4FD0-8B79-5E49DAE40F5F}.Debug|Any CPU.ActiveCfg = Debug|Any CPU
		{F9ECADA8-8E81-4FD0-8B79-5E49DAE40F5F}.Debug|Any CPU.Build.0 = Debug|Any CPU
		{F9ECADA8-8E81-4FD0-8B79-5E49DAE40F5F}.Release|Any CPU.ActiveCfg = Release|Any CPU
		{F9ECADA8-8E81-4FD0-8B79-5E49DAE40F5F}.Release|Any CPU.Build.0 = Release|Any CPU
		{3F3F2C53-490B-4A2E-A1DA-DE0E8C6264D7}.Debug|Any CPU.ActiveCfg = Debug|Any CPU
		{3F3F2C53-490B-4A2E-A1DA-DE0E8C6264D7}.Debug|Any CPU.Build.0 = Debug|Any CPU
		{3F3F2C53-490B-4A2E-A1DA-DE0E8C6264D7}.Release|Any CPU.ActiveCfg = Release|Any CPU
		{3F3F2C53-490B-4A2E-A1DA-DE0E8C6264D7}.Release|Any CPU.Build.0 = Release|Any CPU
		{6C94D352-790B-439F-9F24-11A0BAD79C04}.Debug|Any CPU.ActiveCfg = Debug|Any CPU
		{6C94D352-790B-439F-9F24-11A0BAD79C04}.Debug|Any CPU.Build.0 = Debug|Any CPU
		{6C94D352-790B-439F-9F24-11A0BAD79C04}.Release|Any CPU.ActiveCfg = Release|Any CPU
		{6C94D352-790B-439F-9F24-11A0BAD79C04}.Release|Any CPU.Build.0 = Release|Any CPU
		{EE525508-72EC-4399-8C3F-83DADB2DD296}.Debug|Any CPU.ActiveCfg = Debug|Any CPU
		{EE525508-72EC-4399-8C3F-83DADB2DD296}.Debug|Any CPU.Build.0 = Debug|Any CPU
		{EE525508-72EC-4399-8C3F-83DADB2DD296}.Release|Any CPU.ActiveCfg = Release|Any CPU
		{EE525508-72EC-4399-8C3F-83DADB2DD296}.Release|Any CPU.Build.0 = Release|Any CPU
	EndGlobalSection
	GlobalSection(SolutionProperties) = preSolution
		HideSolutionNode = FALSE
	EndGlobalSection
	GlobalSection(ExtensibilityGlobals) = postSolution
		SolutionGuid = {7C5C170E-DC92-4BCA-B17B-63B80AD98CCE}
	EndGlobalSection
EndGlobal
